
Microsoft Visual Studio Solution File, Format Version 12.00
# Visual Studio Version 16
VisualStudioVersion = 16.0.31019.35
MinimumVisualStudioVersion = 10.0.40219.1
Project("{8BC9CEB8-8B4A-11D0-8D11-00A0C91BC942}") = "WorldEditBE", "WorldEditBE.vcxproj", "{BC01C19A-BFF0-4645-82E3-5F0241086099}"
EndProject
Global
	GlobalSection(SolutionConfigurationPlatforms) = preSolution
		Debug|x64 = Debug|x64
		Debug|x86 = Debug|x86
		Release|x64 = Release|x64
		Release|x86 = Release|x86
	EndGlobalSection
	GlobalSection(ProjectConfigurationPlatforms) = postSolution
		{BC01C19A-BFF0-4645-82E3-5F0241086099}.Debug|x64.ActiveCfg = Debug|x64
		{BC01C19A-BFF0-4645-82E3-5F0241086099}.Debug|x64.Build.0 = Debug|x64
		{BC01C19A-BFF0-4645-82E3-5F0241086099}.Debug|x86.ActiveCfg = Debug|Win32
		{BC01C19A-BFF0-4645-82E3-5F0241086099}.Debug|x86.Build.0 = Debug|Win32
		{BC01C19A-BFF0-4645-82E3-5F0241086099}.Release|x64.ActiveCfg = Release|x64
		{BC01C19A-BFF0-4645-82E3-5F0241086099}.Release|x64.Build.0 = Release|x64
		{BC01C19A-BFF0-4645-82E3-5F0241086099}.Release|x86.ActiveCfg = Release|Win32
		{BC01C19A-BFF0-4645-82E3-5F0241086099}.Release|x86.Build.0 = Release|Win32
	EndGlobalSection
	GlobalSection(SolutionProperties) = preSolution
		HideSolutionNode = FALSE
	EndGlobalSection
	GlobalSection(ExtensibilityGlobals) = postSolution
		SolutionGuid = {3D4E56FF-91FA-491E-8959-5A1E44F0FCB6}
	EndGlobalSection
EndGlobal
