<?xml version="1.0" encoding="utf-8"?>
<Project ToolsVersion="4.0" xmlns="http://schemas.microsoft.com/developer/msbuild/2003">
  <ItemGroup>
    <Filter Include="Source Files">
      <UniqueIdentifier>{4FC737F1-C7A5-4376-A066-2A32D752A2FF}</UniqueIdentifier>
      <Extensions>cpp;c;cc;cxx;c++;cppm;ixx;def;odl;idl;hpj;bat;asm;asmx</Extensions>
    </Filter>
    <Filter Include="Header Files">
      <UniqueIdentifier>{93995380-89BD-4b04-88EB-625FBE52EBFB}</UniqueIdentifier>
      <Extensions>h;hh;hpp;hxx;h++;hm;inl;inc;ipp;xsd</Extensions>
    </Filter>
    <Filter Include="Resource Files">
      <UniqueIdentifier>{67DA6AB6-F800-4c08-8B7A-83BB121AAD01}</UniqueIdentifier>
      <Extensions>rc;ico;cur;bmp;dlg;rc2;rct;bin;rgs;gif;jpg;jpeg;jpe;resx;tiff;tif;png;wav;mfcribbon-ms</Extensions>
    </Filter>
  </ItemGroup>
  <ItemGroup>
    <ClInclude Include="Core\Logger.h">
      <Filter>Header Files</Filter>
    </ClInclude>
    <ClInclude Include="Core\shared.h">
      <Filter>Header Files</Filter>
    </ClInclude>
    <ClInclude Include="Depends\Config\Config.h">
      <Filter>Header Files</Filter>
    </ClInclude>
    <ClInclude Include="Depends\SigScanner\SignatureScanner.h">
      <Filter>Header Files</Filter>
    </ClInclude>
    <ClInclude Include="File\FileStorage.h">
      <Filter>Header Files</Filter>
    </ClInclude>
    <ClInclude Include="WorldEdit\WorldEdit.h">
      <Filter>Header Files</Filter>
    </ClInclude>
    <ClInclude Include="Core\main.h">
      <Filter>Header Files</Filter>
    </ClInclude>
    <ClInclude Include="Depends\MinHook\include\MinHook.h">
      <Filter>Header Files</Filter>
    </ClInclude>
    <ClInclude Include="Depends\VTHook\vtable_hook.h">
      <Filter>Header Files</Filter>
    </ClInclude>
    <ClInclude Include="Minecraft\Inventory\PlayerInventory.h">
      <Filter>Header Files</Filter>
    </ClInclude>
    <ClInclude Include="Minecraft\Inventory\Item.h">
      <Filter>Header Files</Filter>
    </ClInclude>
    <ClInclude Include="Command\Command.h">
      <Filter>Header Files</Filter>
    </ClInclude>
    <ClInclude Include="Command\Commands\PosCommand.h">
      <Filter>Header Files</Filter>
    </ClInclude>
    <ClInclude Include="Minecraft\Block\BlockLegacy.h">
      <Filter>Header Files</Filter>
    </ClInclude>
    <ClInclude Include="Minecraft\String\Text.h">
      <Filter>Header Files</Filter>
    </ClInclude>
    <ClInclude Include="Minecraft\Block\Block.h">
      <Filter>Header Files</Filter>
    </ClInclude>
    <ClInclude Include="Minecraft\shared.h">
      <Filter>Header Files</Filter>
    </ClInclude>
    <ClInclude Include="Minecraft\Block\BlockPos.h">
      <Filter>Header Files</Filter>
    </ClInclude>
    <ClInclude Include="Minecraft\Vector\Vec3.h">
      <Filter>Header Files</Filter>
    </ClInclude>
    <ClInclude Include="Minecraft\Vector\Vec2.h">
      <Filter>Header Files</Filter>
    </ClInclude>
    <ClInclude Include="Minecraft\CFunctions.h">
      <Filter>Header Files</Filter>
    </ClInclude>
    <ClInclude Include="Minecraft\CTypes.h">
      <Filter>Header Files</Filter>
    </ClInclude>
    <ClInclude Include="Minecraft\Entity\CNamespacedID.h">
      <Filter>Header Files</Filter>
    </ClInclude>
    <ClInclude Include="Minecraft\Block\BlockSource.h">
      <Filter>Header Files</Filter>
    </ClInclude>
    <ClInclude Include="Minecraft\Vector\AABB.h">
      <Filter>Header Files</Filter>
    </ClInclude>
    <ClInclude Include="Minecraft\Vector\CRotation.h">
      <Filter>Header Files</Filter>
    </ClInclude>
    <ClInclude Include="Minecraft\Game\GameMode.h">
      <Filter>Header Files</Filter>
    </ClInclude>
    <ClInclude Include="Minecraft\Game\ClientInstance.h">
      <Filter>Header Files</Filter>
    </ClInclude>
    <ClInclude Include="WorldEdit\all_minecraft_headers.h">
      <Filter>Header Files</Filter>
    </ClInclude>
    <ClInclude Include="Minecraft\NBT\CompoundTag.h">
      <Filter>Header Files</Filter>
    </ClInclude>
    <ClInclude Include="Minecraft\Inventory\ItemDescriptor.h">
      <Filter>Header Files</Filter>
    </ClInclude>
    <ClInclude Include="Minecraft\Inventory\ItemStackBase.h">
      <Filter>Header Files</Filter>
    </ClInclude>
    <ClInclude Include="Minecraft\Inventory\ItemStack.h">
      <Filter>Header Files</Filter>
    </ClInclude>
    <ClInclude Include="Minecraft\Entity\CCollisionBox.h">
      <Filter>Header Files</Filter>
    </ClInclude>
    <ClInclude Include="Minecraft\Entity\Actor.h">
      <Filter>Header Files</Filter>
    </ClInclude>
    <ClInclude Include="Minecraft\Entity\Player.h">
      <Filter>Header Files</Filter>
    </ClInclude>
    <ClInclude Include="Minecraft\Entity\LocalPlayer.h">
      <Filter>Header Files</Filter>
    </ClInclude>
    <ClInclude Include="Minecraft\World\Level.h">
      <Filter>Header Files</Filter>
    </ClInclude>
    <ClInclude Include="Utils\Utils.h">
      <Filter>Header Files</Filter>
    </ClInclude>
    <ClInclude Include="Minecraft\Entity\Mob.h">
      <Filter>Header Files</Filter>
    </ClInclude>
    <ClInclude Include="Utils\Game.h">
      <Filter>Header Files</Filter>
    </ClInclude>
    <ClInclude Include="Command\CommandManager.h">
      <Filter>Header Files</Filter>
    </ClInclude>
    <ClInclude Include="Minecraft\Game\Minecraft.h">
      <Filter>Header Files</Filter>
    </ClInclude>
    <ClInclude Include="Minecraft\Game\ServerInstance.h">
      <Filter>Header Files</Filter>
    </ClInclude>
    <ClInclude Include="WorldEdit\WorldTask.h">
      <Filter>Header Files</Filter>
    </ClInclude>
    <ClInclude Include="WorldEdit\BlockWrapper.h">
      <Filter>Header Files</Filter>
    </ClInclude>
    <ClInclude Include="Command\Commands\SetCommand.h">
      <Filter>Header Files</Filter>
    </ClInclude>
    <ClInclude Include="Command\Commands\CutCommand.h">
      <Filter>Header Files</Filter>
    </ClInclude>
    <ClInclude Include="Minecraft\Game\Random.h">
      <Filter>Header Files</Filter>
    </ClInclude>
    <ClInclude Include="Command\Commands\WallsCommand.h">
      <Filter>Header Files</Filter>
    </ClInclude>
    <ClInclude Include="Command\Commands\ReplaceCommand.h">
      <Filter>Header Files</Filter>
    </ClInclude>
    <ClInclude Include="Command\Commands\EjectCommand.h">
      <Filter>Header Files</Filter>
    </ClInclude>
    <ClInclude Include="Command\Commands\HelpCommand.h">
      <Filter>Header Files</Filter>
    </ClInclude>
    <ClInclude Include="Command\Commands\WandCommand.h">
      <Filter>Header Files</Filter>
    </ClInclude>
    <ClInclude Include="Command\Commands\UpCommand.h">
      <Filter>Header Files</Filter>
    </ClInclude>
    <ClInclude Include="Command\Commands\SphereCommand.h">
      <Filter>Header Files</Filter>
    </ClInclude>
  </ItemGroup>
  <ItemGroup>
    <ClCompile Include="Core\main.cpp">
      <Filter>Source Files</Filter>
    </ClCompile>
    <ClCompile Include="Core\Logger.cpp">
      <Filter>Source Files</Filter>
    </ClCompile>
    <ClCompile Include="Depends\Config\Config.cpp">
      <Filter>Source Files</Filter>
    </ClCompile>
    <ClCompile Include="Depends\SigScanner\SignatureScanner.cpp">
      <Filter>Source Files</Filter>
    </ClCompile>
    <ClCompile Include="File\FileStorage.cpp">
      <Filter>Source Files</Filter>
    </ClCompile>
    <ClCompile Include="WorldEdit\WorldEdit.cpp">
      <Filter>Source Files</Filter>
    </ClCompile>
    <ClCompile Include="Depends\VTHook\vtable_hook.cpp">
      <Filter>Source Files</Filter>
    </ClCompile>
    <ClCompile Include="Command\Command.cpp">
      <Filter>Source Files</Filter>
    </ClCompile>
    <ClCompile Include="Command\Commands\PosCommand.cpp">
      <Filter>Source Files</Filter>
    </ClCompile>
    <ClCompile Include="Minecraft\Block\BlockSource.cpp">
      <Filter>Source Files</Filter>
    </ClCompile>
    <ClCompile Include="Utils\Utils.cpp">
      <Filter>Source Files</Filter>
    </ClCompile>
    <ClCompile Include="Minecraft\Inventory\ItemStack.cpp">
      <Filter>Source Files</Filter>
    </ClCompile>
    <ClCompile Include="Utils\Game.cpp">
      <Filter>Source Files</Filter>
    </ClCompile>
    <ClCompile Include="Command\CommandManager.cpp">
      <Filter>Source Files</Filter>
    </ClCompile>
    <ClCompile Include="Minecraft\Game\Minecraft.cpp">
      <Filter>Source Files</Filter>
    </ClCompile>
    <ClCompile Include="WorldEdit\WorldTask.cpp">
      <Filter>Source Files</Filter>
    </ClCompile>
    <ClCompile Include="WorldEdit\BlockWrapper.cpp">
      <Filter>Source Files</Filter>
    </ClCompile>
    <ClCompile Include="Command\Commands\SetCommand.cpp">
      <Filter>Source Files</Filter>
    </ClCompile>
    <ClCompile Include="Command\Commands\CutCommand.cpp">
      <Filter>Source Files</Filter>
    </ClCompile>
    <ClCompile Include="Minecraft\Game\Random.cpp">
      <Filter>Source Files</Filter>
    </ClCompile>
    <ClCompile Include="Command\Commands\WallsCommand.cpp">
      <Filter>Source Files</Filter>
    </ClCompile>
    <ClCompile Include="Command\Commands\ReplaceCommand.cpp">
      <Filter>Source Files</Filter>
    </ClCompile>
    <ClCompile Include="Command\Commands\EjectCommand.cpp">
      <Filter>Source Files</Filter>
    </ClCompile>
    <ClCompile Include="Command\Commands\HelpCommand.cpp">
      <Filter>Source Files</Filter>
    </ClCompile>
    <ClCompile Include="Command\Commands\WandCommand.cpp">
      <Filter>Source Files</Filter>
    </ClCompile>
    <ClCompile Include="Command\Commands\UpCommand.cpp">
      <Filter>Source Files</Filter>
    </ClCompile>
    <ClCompile Include="Command\Commands\SphereCommand.cpp">
      <Filter>Source Files</Filter>
    </ClCompile>
  </ItemGroup>
</Project>